
Microsoft Visual Studio Solution File, Format Version 12.00
# Visual Studio 2013
VisualStudioVersion = 12.0.21005.1
MinimumVisualStudioVersion = 10.0.40219.1
Project("{B1E792BE-AA5F-4E3C-8C82-674BF9C0715B}") = "PMPS_prototype", "PMPS_prototype\PMPS_prototype.tsproj", "{91997AC8-D996-42E1-AB21-377F26807161}"
EndProject
Project("{FD9F1D59-E000-42F3-8744-88DE1BE93C06}") = "TwinCAT Measurement Project1", "TwinCAT Measurement Project1\TwinCAT Measurement Project1.tcmproj", "{F8D17D97-BFE4-423D-9DF1-E4D7E6F4D2B2}"
EndProject
Global
	GlobalSection(SolutionConfigurationPlatforms) = preSolution
		Debug|TwinCAT CE7 (ARMV7) = Debug|TwinCAT CE7 (ARMV7)
		Debug|TwinCAT RT (x64) = Debug|TwinCAT RT (x64)
		Debug|TwinCAT RT (x86) = Debug|TwinCAT RT (x86)
		Release|TwinCAT CE7 (ARMV7) = Release|TwinCAT CE7 (ARMV7)
		Release|TwinCAT RT (x64) = Release|TwinCAT RT (x64)
		Release|TwinCAT RT (x86) = Release|TwinCAT RT (x86)
	EndGlobalSection
	GlobalSection(ProjectConfigurationPlatforms) = postSolution
		{91997AC8-D996-42E1-AB21-377F26807161}.Debug|TwinCAT CE7 (ARMV7).ActiveCfg = Debug|TwinCAT CE7 (ARMV7)
		{91997AC8-D996-42E1-AB21-377F26807161}.Debug|TwinCAT CE7 (ARMV7).Build.0 = Debug|TwinCAT CE7 (ARMV7)
		{91997AC8-D996-42E1-AB21-377F26807161}.Debug|TwinCAT RT (x64).ActiveCfg = Debug|TwinCAT RT (x64)
		{91997AC8-D996-42E1-AB21-377F26807161}.Debug|TwinCAT RT (x64).Build.0 = Debug|TwinCAT RT (x64)
		{91997AC8-D996-42E1-AB21-377F26807161}.Debug|TwinCAT RT (x86).ActiveCfg = Debug|TwinCAT RT (x86)
		{91997AC8-D996-42E1-AB21-377F26807161}.Debug|TwinCAT RT (x86).Build.0 = Debug|TwinCAT RT (x86)
		{91997AC8-D996-42E1-AB21-377F26807161}.Release|TwinCAT CE7 (ARMV7).ActiveCfg = Release|TwinCAT CE7 (ARMV7)
		{91997AC8-D996-42E1-AB21-377F26807161}.Release|TwinCAT CE7 (ARMV7).Build.0 = Release|TwinCAT CE7 (ARMV7)
		{91997AC8-D996-42E1-AB21-377F26807161}.Release|TwinCAT RT (x64).ActiveCfg = Release|TwinCAT RT (x64)
		{91997AC8-D996-42E1-AB21-377F26807161}.Release|TwinCAT RT (x64).Build.0 = Release|TwinCAT RT (x64)
		{91997AC8-D996-42E1-AB21-377F26807161}.Release|TwinCAT RT (x86).ActiveCfg = Release|TwinCAT RT (x86)
		{91997AC8-D996-42E1-AB21-377F26807161}.Release|TwinCAT RT (x86).Build.0 = Release|TwinCAT RT (x86)
		{F8D17D97-BFE4-423D-9DF1-E4D7E6F4D2B2}.Debug|TwinCAT CE7 (ARMV7).ActiveCfg = Debug|TwinCAT CE7 (ARMV7)
		{F8D17D97-BFE4-423D-9DF1-E4D7E6F4D2B2}.Debug|TwinCAT RT (x64).ActiveCfg = Debug|TwinCAT RT (x64)
		{F8D17D97-BFE4-423D-9DF1-E4D7E6F4D2B2}.Debug|TwinCAT RT (x86).ActiveCfg = Debug|TwinCAT RT (x86)
		{F8D17D97-BFE4-423D-9DF1-E4D7E6F4D2B2}.Release|TwinCAT CE7 (ARMV7).ActiveCfg = Release|TwinCAT CE7 (ARMV7)
		{F8D17D97-BFE4-423D-9DF1-E4D7E6F4D2B2}.Release|TwinCAT RT (x64).ActiveCfg = Release|TwinCAT RT (x64)
		{F8D17D97-BFE4-423D-9DF1-E4D7E6F4D2B2}.Release|TwinCAT RT (x86).ActiveCfg = Release|TwinCAT RT (x86)
		{DD538B18-115D-4F36-AE99-074A3177801D}.Debug|TwinCAT CE7 (ARMV7).ActiveCfg = Debug|TwinCAT CE7 (ARMV7)
		{DD538B18-115D-4F36-AE99-074A3177801D}.Debug|TwinCAT CE7 (ARMV7).Build.0 = Debug|TwinCAT CE7 (ARMV7)
		{DD538B18-115D-4F36-AE99-074A3177801D}.Debug|TwinCAT RT (x64).ActiveCfg = Debug|TwinCAT RT (x64)
		{DD538B18-115D-4F36-AE99-074A3177801D}.Debug|TwinCAT RT (x64).Build.0 = Debug|TwinCAT RT (x64)
		{DD538B18-115D-4F36-AE99-074A3177801D}.Debug|TwinCAT RT (x86).ActiveCfg = Debug|TwinCAT RT (x86)
		{DD538B18-115D-4F36-AE99-074A3177801D}.Debug|TwinCAT RT (x86).Build.0 = Debug|TwinCAT RT (x86)
		{DD538B18-115D-4F36-AE99-074A3177801D}.Release|TwinCAT CE7 (ARMV7).ActiveCfg = Release|TwinCAT CE7 (ARMV7)
		{DD538B18-115D-4F36-AE99-074A3177801D}.Release|TwinCAT CE7 (ARMV7).Build.0 = Release|TwinCAT CE7 (ARMV7)
		{DD538B18-115D-4F36-AE99-074A3177801D}.Release|TwinCAT RT (x64).ActiveCfg = Release|TwinCAT RT (x64)
		{DD538B18-115D-4F36-AE99-074A3177801D}.Release|TwinCAT RT (x64).Build.0 = Release|TwinCAT RT (x64)
		{DD538B18-115D-4F36-AE99-074A3177801D}.Release|TwinCAT RT (x86).ActiveCfg = Release|TwinCAT RT (x86)
		{DD538B18-115D-4F36-AE99-074A3177801D}.Release|TwinCAT RT (x86).Build.0 = Release|TwinCAT RT (x86)
		{1F781167-9004-4664-9951-82A7FA6329A1}.Debug|TwinCAT CE7 (ARMV7).ActiveCfg = Debug|TwinCAT CE7 (ARMV7)
		{1F781167-9004-4664-9951-82A7FA6329A1}.Debug|TwinCAT CE7 (ARMV7).Build.0 = Debug|TwinCAT CE7 (ARMV7)
		{1F781167-9004-4664-9951-82A7FA6329A1}.Debug|TwinCAT RT (x64).ActiveCfg = Debug|TwinCAT RT (x64)
		{1F781167-9004-4664-9951-82A7FA6329A1}.Debug|TwinCAT RT (x64).Build.0 = Debug|TwinCAT RT (x64)
		{1F781167-9004-4664-9951-82A7FA6329A1}.Debug|TwinCAT RT (x86).ActiveCfg = Debug|TwinCAT RT (x86)
		{1F781167-9004-4664-9951-82A7FA6329A1}.Debug|TwinCAT RT (x86).Build.0 = Debug|TwinCAT RT (x86)
		{1F781167-9004-4664-9951-82A7FA6329A1}.Release|TwinCAT CE7 (ARMV7).ActiveCfg = Release|TwinCAT CE7 (ARMV7)
		{1F781167-9004-4664-9951-82A7FA6329A1}.Release|TwinCAT CE7 (ARMV7).Build.0 = Release|TwinCAT CE7 (ARMV7)
		{1F781167-9004-4664-9951-82A7FA6329A1}.Release|TwinCAT RT (x64).ActiveCfg = Release|TwinCAT RT (x64)
		{1F781167-9004-4664-9951-82A7FA6329A1}.Release|TwinCAT RT (x64).Build.0 = Release|TwinCAT RT (x64)
		{1F781167-9004-4664-9951-82A7FA6329A1}.Release|TwinCAT RT (x86).ActiveCfg = Release|TwinCAT RT (x86)
		{1F781167-9004-4664-9951-82A7FA6329A1}.Release|TwinCAT RT (x86).Build.0 = Release|TwinCAT RT (x86)
	EndGlobalSection
	GlobalSection(SolutionProperties) = preSolution
		HideSolutionNode = FALSE
	EndGlobalSection
EndGlobal
