
Microsoft Visual Studio Solution File, Format Version 12.00
# Visual Studio 2013
VisualStudioVersion = 12.0.21005.1
MinimumVisualStudioVersion = 10.0.40219.1
Project("{B1E792BE-AA5F-4E3C-8C82-674BF9C0715B}") = "IO_delay_experiment", "IO_delay_experiment\IO_delay_experiment.tsproj", "{DC6B027D-DC6F-4458-B4AB-62A3B020D126}"
EndProject
Global
	GlobalSection(SolutionConfigurationPlatforms) = preSolution
		Debug|TwinCAT CE7 (ARMV7) = Debug|TwinCAT CE7 (ARMV7)
		Debug|TwinCAT RT (x64) = Debug|TwinCAT RT (x64)
		Debug|TwinCAT RT (x86) = Debug|TwinCAT RT (x86)
		Release|TwinCAT CE7 (ARMV7) = Release|TwinCAT CE7 (ARMV7)
		Release|TwinCAT RT (x64) = Release|TwinCAT RT (x64)
		Release|TwinCAT RT (x86) = Release|TwinCAT RT (x86)
	EndGlobalSection
	GlobalSection(ProjectConfigurationPlatforms) = postSolution
		{DC6B027D-DC6F-4458-B4AB-62A3B020D126}.Debug|TwinCAT CE7 (ARMV7).ActiveCfg = Debug|TwinCAT CE7 (ARMV7)
		{DC6B027D-DC6F-4458-B4AB-62A3B020D126}.Debug|TwinCAT CE7 (ARMV7).Build.0 = Debug|TwinCAT CE7 (ARMV7)
		{DC6B027D-DC6F-4458-B4AB-62A3B020D126}.Debug|TwinCAT RT (x64).ActiveCfg = Debug|TwinCAT RT (x64)
		{DC6B027D-DC6F-4458-B4AB-62A3B020D126}.Debug|TwinCAT RT (x64).Build.0 = Debug|TwinCAT RT (x64)
		{DC6B027D-DC6F-4458-B4AB-62A3B020D126}.Debug|TwinCAT RT (x86).ActiveCfg = Debug|TwinCAT RT (x86)
		{DC6B027D-DC6F-4458-B4AB-62A3B020D126}.Debug|TwinCAT RT (x86).Build.0 = Debug|TwinCAT RT (x86)
		{DC6B027D-DC6F-4458-B4AB-62A3B020D126}.Release|TwinCAT CE7 (ARMV7).ActiveCfg = Release|TwinCAT CE7 (ARMV7)
		{DC6B027D-DC6F-4458-B4AB-62A3B020D126}.Release|TwinCAT CE7 (ARMV7).Build.0 = Release|TwinCAT CE7 (ARMV7)
		{DC6B027D-DC6F-4458-B4AB-62A3B020D126}.Release|TwinCAT RT (x64).ActiveCfg = Release|TwinCAT RT (x64)
		{DC6B027D-DC6F-4458-B4AB-62A3B020D126}.Release|TwinCAT RT (x64).Build.0 = Release|TwinCAT RT (x64)
		{DC6B027D-DC6F-4458-B4AB-62A3B020D126}.Release|TwinCAT RT (x86).ActiveCfg = Release|TwinCAT RT (x86)
		{DC6B027D-DC6F-4458-B4AB-62A3B020D126}.Release|TwinCAT RT (x86).Build.0 = Release|TwinCAT RT (x86)
		{280A3436-A841-45D6-B3F5-40EEE2ABDD86}.Debug|TwinCAT CE7 (ARMV7).ActiveCfg = Debug|TwinCAT CE7 (ARMV7)
		{280A3436-A841-45D6-B3F5-40EEE2ABDD86}.Debug|TwinCAT CE7 (ARMV7).Build.0 = Debug|TwinCAT CE7 (ARMV7)
		{280A3436-A841-45D6-B3F5-40EEE2ABDD86}.Debug|TwinCAT RT (x64).ActiveCfg = Debug|TwinCAT RT (x64)
		{280A3436-A841-45D6-B3F5-40EEE2ABDD86}.Debug|TwinCAT RT (x64).Build.0 = Debug|TwinCAT RT (x64)
		{280A3436-A841-45D6-B3F5-40EEE2ABDD86}.Debug|TwinCAT RT (x86).ActiveCfg = Debug|TwinCAT RT (x86)
		{280A3436-A841-45D6-B3F5-40EEE2ABDD86}.Debug|TwinCAT RT (x86).Build.0 = Debug|TwinCAT RT (x86)
		{280A3436-A841-45D6-B3F5-40EEE2ABDD86}.Release|TwinCAT CE7 (ARMV7).ActiveCfg = Release|TwinCAT CE7 (ARMV7)
		{280A3436-A841-45D6-B3F5-40EEE2ABDD86}.Release|TwinCAT CE7 (ARMV7).Build.0 = Release|TwinCAT CE7 (ARMV7)
		{280A3436-A841-45D6-B3F5-40EEE2ABDD86}.Release|TwinCAT RT (x64).ActiveCfg = Release|TwinCAT RT (x64)
		{280A3436-A841-45D6-B3F5-40EEE2ABDD86}.Release|TwinCAT RT (x64).Build.0 = Release|TwinCAT RT (x64)
		{280A3436-A841-45D6-B3F5-40EEE2ABDD86}.Release|TwinCAT RT (x86).ActiveCfg = Release|TwinCAT RT (x86)
		{280A3436-A841-45D6-B3F5-40EEE2ABDD86}.Release|TwinCAT RT (x86).Build.0 = Release|TwinCAT RT (x86)
	EndGlobalSection
	GlobalSection(SolutionProperties) = preSolution
		HideSolutionNode = FALSE
	EndGlobalSection
EndGlobal
